
Microsoft Visual Studio Solution File, Format Version 12.00
# Visual Studio Version 16
VisualStudioVersion = 16.0.30011.22
MinimumVisualStudioVersion = 10.0.40219.1
Project("{FAE04EC0-301F-11D3-BF4B-00C04F79EFBC}") = "NetCoreCsharpConsoleApp", "NetCoreCsharpConsoleApp.csproj", "{BE7C2768-AC14-449D-B169-AEFE5B95592A}"
EndProject
Global
	GlobalSection(SolutionConfigurationPlatforms) = preSolution
		Debug|Any CPU = Debug|Any CPU
		Release|Any CPU = Release|Any CPU
	EndGlobalSection
	GlobalSection(ProjectConfigurationPlatforms) = postSolution
		{BE7C2768-AC14-449D-B169-AEFE5B95592A}.Debug|Any CPU.ActiveCfg = Debug|Any CPU
		{BE7C2768-AC14-449D-B169-AEFE5B95592A}.Debug|Any CPU.Build.0 = Debug|Any CPU
		{BE7C2768-AC14-449D-B169-AEFE5B95592A}.Release|Any CPU.ActiveCfg = Release|Any CPU
		{BE7C2768-AC14-449D-B169-AEFE5B95592A}.Release|Any CPU.Build.0 = Release|Any CPU
	EndGlobalSection
	GlobalSection(SolutionProperties) = preSolution
		HideSolutionNode = FALSE
	EndGlobalSection
	GlobalSection(ExtensibilityGlobals) = postSolution
		SolutionGuid = {50B63423-18CE-41D7-8C4B-FE5E33DD3D69}
	EndGlobalSection
EndGlobal
